Microsoft Visual Studio Solution File, Format Version 12.00
# Visual Studio Version 17
VisualStudioVersion = 17.0.31912.123
MinimumVisualStudioVersion = 10.0.40219.1
Project("{FAE04EC0-301F-11D3-BF4B-00C04F79EFBC}") = "MobileApp", "src/MobileApp/MobileApp.csproj", "{A1B2C3D4-E5F6-7A8B-9C0D-E1F2G3H4I5J6}"
EndProject
Project("{FAE04EC0-301F-11D3-BF4B-00C04F79EFBC}") = "Application", "src/Application/Application.csproj", "{B1C2D3E4-F5G6-7H8I-9J0K-L1M2N3O4P5Q6}"
EndProject
Project("{FAE04EC0-301F-11D3-BF4B-00C04F79EFBC}") = "Domain", "src/Domain/Domain.csproj", "{C1D2E3F4-G5H6-7I8J-9K0L-M1N2O3P4Q5R6}"
EndProject
Project("{FAE04EC0-301F-11D3-BF4B-00C04F79EFBC}") = "Infrastructure", "src/Infrastructure/Infrastructure.csproj", "{D1E2F3G4-H5I6-7J8K-9L0M-N1O2P3Q4R5S6}"
EndProject
Project("{FAE04EC0-301F-11D3-BF4B-00C04F79EFBC}") = "SharedKernel", "src/SharedKernel/SharedKernel.csproj", "{E1F2G3H4-I5J6-7K8L-9M0N-O1P2Q3R4S5T6}"
EndProject
Global
    GlobalSection(SolutionConfigurationPlatforms) = preSolution
        Debug|Any CPU = Debug|Any CPU
        Release|Any CPU = Release|Any CPU
    EndGlobalSection
    GlobalSection(ProjectConfigurationPlatforms) = postSolution
        {A1B2C3D4-E5F6-7A8B-9C0D-E1F2G3H4I5J6}.Debug|Any CPU.ActiveCfg = Debug|Any CPU
        {A1B2C3D4-E5F6-7A8B-9C0D-E1F2G3H4I5J6}.Debug|Any CPU.Build.0 = Debug|Any CPU
        {A1B2C3D4-E5F6-7A8B-9C0D-E1F2G3H4I5J6}.Release|Any CPU.ActiveCfg = Release|Any CPU
        {A1B2C3D4-E5F6-7A8B-9C0D-E1F2G3H4I5J6}.Release|Any CPU.Build.0 = Release|Any CPU
        {B1C2D3E4-F5G6-7H8I-9J0K-L1M2N3O4P5Q6}.Debug|Any CPU.ActiveCfg = Debug|Any CPU
        {B1C2D3E4-F5G6-7H8I-9J0K-L1M2N3O4P5Q6}.Debug|Any CPU.Build.0 = Debug|Any CPU
        {B1C2D3E4-F5G6-7H8I-9J0K-L1M2N3O4P5Q6}.Release|Any CPU.ActiveCfg = Release|Any CPU
        {B1C2D3E4-F5G6-7H8I-9J0K-L1M2N3O4P5Q6}.Release|Any CPU.Build.0 = Release|Any CPU
        {C1D2E3F4-G5H6-7I8J-9K0L-M1N2O3P4Q5R6}.Debug|Any CPU.ActiveCfg = Debug|Any CPU
        {C1D2E3F4-G5H6-7I8J-9K0L-M1N2O3P4Q5R6}.Debug|Any CPU.Build.0 = Debug|Any CPU
        {C1D2E3F4-G5H6-7I8J-9K0L-M1N2O3P4Q5R6}.Release|Any CPU.ActiveCfg = Release|Any CPU
        {C1D2E3F4-G5H6-7I8J-9K0L-M1N2O3P4Q5R6}.Release|Any CPU.Build.0 = Release|Any CPU
        {D1E2F3G4-H5I6-7J8K-9L0M-N1O2P3Q4R5S6}.Debug|Any CPU.ActiveCfg = Debug|Any CPU
        {D1E2F3G4-H5I6-7J8K-9L0M-N1O2P3Q4R5S6}.Debug|Any CPU.Build.0 = Debug|Any CPU
        {D1E2F3G4-H5I6-7J8K-9L0M-N1O2P3Q4R5S6}.Release|Any CPU.ActiveCfg = Release|Any CPU
        {D1E2F3G4-H5I6-7J8K-9L0M-N1O2P3Q4R5S6}.Release|Any CPU.Build.0 = Release|Any CPU
        {E1F2G3H4-I5J6-7K8L-9M0N-O1P2Q3R4S5T6}.Debug|Any CPU.ActiveCfg = Debug|Any CPU
        {E1F2G3H4-I5J6-7K8L-9M0N-O1P2Q3R4S5T6}.Debug|Any CPU.Build.0 = Debug|Any CPU
        {E1F2G3H4-I5J6-7K8L-9M0N-O1P2Q3R4S5T6}.Release|Any CPU.ActiveCfg = Release|Any CPU
        {E1F2G3H4-I5J6-7K8L-9M0N-O1P2Q3R4S5T6}.Release|Any CPU.Build.0 = Release|Any CPU
    EndGlobalSection
EndGlobal